
Microsoft Visual Studio Solution File, Format Version 12.00
# Visual Studio Version 17
VisualStudioVersion = 17.3.32922.545
MinimumVisualStudioVersion = 10.0.40219.1
Project("{9A19103F-16F7-4668-BE54-9A1E7A4F7556}") = "Addition of Digits", "Addition of Digits\Addition of Digits.csproj", "{08E68103-082B-4CFF-BA91-2CA038F9AD8B}"
EndProject
Project("{9A19103F-16F7-4668-BE54-9A1E7A4F7556}") = "Reverse Number", "Reverse Number\Reverse Number.csproj", "{BF705387-1ACD-48BC-A159-F627751F25F6}"
EndProject
Project("{9A19103F-16F7-4668-BE54-9A1E7A4F7556}") = "Types of Loop (For , While , Do While)", "Types of Loop (For , While , Do While)\Types of Loop (For , While , Do While).csproj", "{5427D41B-2B7E-42F7-B14D-B5E8A2E9B23B}"
EndProject
Project("{9A19103F-16F7-4668-BE54-9A1E7A4F7556}") = "Armstrong Number", "Armstrong Number\Armstrong Number.csproj", "{D6A79A87-E35E-4D93-AD70-ACE6E6E419EA}"
EndProject
Project("{FAE04EC0-301F-11D3-BF4B-00C04F79EFBC}") = "Palindrome", "Palindrome\Palindrome.csproj", "{DC7C7F30-D6DC-4C66-B744-BF7A72173B8A}"
EndProject
Global
	GlobalSection(SolutionConfigurationPlatforms) = preSolution
		Debug|Any CPU = Debug|Any CPU
		Release|Any CPU = Release|Any CPU
	EndGlobalSection
	GlobalSection(ProjectConfigurationPlatforms) = postSolution
		{08E68103-082B-4CFF-BA91-2CA038F9AD8B}.Debug|Any CPU.ActiveCfg = Debug|Any CPU
		{08E68103-082B-4CFF-BA91-2CA038F9AD8B}.Debug|Any CPU.Build.0 = Debug|Any CPU
		{08E68103-082B-4CFF-BA91-2CA038F9AD8B}.Release|Any CPU.ActiveCfg = Release|Any CPU
		{08E68103-082B-4CFF-BA91-2CA038F9AD8B}.Release|Any CPU.Build.0 = Release|Any CPU
		{BF705387-1ACD-48BC-A159-F627751F25F6}.Debug|Any CPU.ActiveCfg = Debug|Any CPU
		{BF705387-1ACD-48BC-A159-F627751F25F6}.Debug|Any CPU.Build.0 = Debug|Any CPU
		{BF705387-1ACD-48BC-A159-F627751F25F6}.Release|Any CPU.ActiveCfg = Release|Any CPU
		{BF705387-1ACD-48BC-A159-F627751F25F6}.Release|Any CPU.Build.0 = Release|Any CPU
		{5427D41B-2B7E-42F7-B14D-B5E8A2E9B23B}.Debug|Any CPU.ActiveCfg = Debug|Any CPU
		{5427D41B-2B7E-42F7-B14D-B5E8A2E9B23B}.Debug|Any CPU.Build.0 = Debug|Any CPU
		{5427D41B-2B7E-42F7-B14D-B5E8A2E9B23B}.Release|Any CPU.ActiveCfg = Release|Any CPU
		{5427D41B-2B7E-42F7-B14D-B5E8A2E9B23B}.Release|Any CPU.Build.0 = Release|Any CPU
		{D6A79A87-E35E-4D93-AD70-ACE6E6E419EA}.Debug|Any CPU.ActiveCfg = Debug|Any CPU
		{D6A79A87-E35E-4D93-AD70-ACE6E6E419EA}.Debug|Any CPU.Build.0 = Debug|Any CPU
		{D6A79A87-E35E-4D93-AD70-ACE6E6E419EA}.Release|Any CPU.ActiveCfg = Release|Any CPU
		{D6A79A87-E35E-4D93-AD70-ACE6E6E419EA}.Release|Any CPU.Build.0 = Release|Any CPU
		{DC7C7F30-D6DC-4C66-B744-BF7A72173B8A}.Debug|Any CPU.ActiveCfg = Debug|Any CPU
		{DC7C7F30-D6DC-4C66-B744-BF7A72173B8A}.Debug|Any CPU.Build.0 = Debug|Any CPU
		{DC7C7F30-D6DC-4C66-B744-BF7A72173B8A}.Release|Any CPU.ActiveCfg = Release|Any CPU
		{DC7C7F30-D6DC-4C66-B744-BF7A72173B8A}.Release|Any CPU.Build.0 = Release|Any CPU
	EndGlobalSection
	GlobalSection(SolutionProperties) = preSolution
		HideSolutionNode = FALSE
	EndGlobalSection
	GlobalSection(ExtensibilityGlobals) = postSolution
		SolutionGuid = {F1C3B134-5E20-4720-BDBD-2DDB209799F6}
	EndGlobalSection
EndGlobal
